// !$*UTF8*$!
{
	archiveVersion = 1;
	classes = {
	};
	objectVersion = 56;
	objects = {

/* Begin PBXBuildFile section */
		B403AB9D2C8657C60022D5A5 /* Apple_FrameworksApp.swift in Sources */ = {isa = PBXBuildFile; fileRef = B403AB9C2C8657C60022D5A5 /* Apple_FrameworksApp.swift */; };
		B403ABA12C8657C80022D5A5 /* Assets.xcassets in Resources */ = {isa = PBXBuildFile; fileRef = B403ABA02C8657C80022D5A5 /* Assets.xcassets */; };
		B403ABA42C8657C80022D5A5 /* Preview Assets.xcassets in Resources */ = {isa = PBXBuildFile; fileRef = B403ABA32C8657C80022D5A5 /* Preview Assets.xcassets */; };
		B403ABAE2C8657C80022D5A5 /* Apple_FrameworksTests.swift in Sources */ = {isa = PBXBuildFile; fileRef = B403ABAD2C8657C80022D5A5 /* Apple_FrameworksTests.swift */; };
		B403ABB82C8657C80022D5A5 /* Apple_FrameworksUITests.swift in Sources */ = {isa = PBXBuildFile; fileRef = B403ABB72C8657C80022D5A5 /* Apple_FrameworksUITests.swift */; };
		B403ABBA2C8657C80022D5A5 /* Apple_FrameworksUITestsLaunchTests.swift in Sources */ = {isa = PBXBuildFile; fileRef = B403ABB92C8657C80022D5A5 /* Apple_FrameworksUITestsLaunchTests.swift */; };
		B46E1F7D2C871FA1002358B3 /* Framework.swift in Sources */ = {isa = PBXBuildFile; fileRef = B46E1F7C2C871FA1002358B3 /* Framework.swift */; };
		B46E1F7F2C872125002358B3 /* FrameworkGridView.swift in Sources */ = {isa = PBXBuildFile; fileRef = B46E1F7E2C872125002358B3 /* FrameworkGridView.swift */; };
		B46E1F812C872450002358B3 /* BackgroundView.swift in Sources */ = {isa = PBXBuildFile; fileRef = B46E1F802C872450002358B3 /* BackgroundView.swift */; };
		B46E1F832C8724AB002358B3 /* FrameworkIconTextView.swift in Sources */ = {isa = PBXBuildFile; fileRef = B46E1F822C8724AB002358B3 /* FrameworkIconTextView.swift */; };
		B46E1F852C87316D002358B3 /* DetailView.swift in Sources */ = {isa = PBXBuildFile; fileRef = B46E1F842C87316D002358B3 /* DetailView.swift */; };
		B46E1F872C87323C002358B3 /* BackgroundGradientView.swift in Sources */ = {isa = PBXBuildFile; fileRef = B46E1F862C87323C002358B3 /* BackgroundGradientView.swift */; };
		B46E1F892C873568002358B3 /* AFButton.swift in Sources */ = {isa = PBXBuildFile; fileRef = B46E1F882C873568002358B3 /* AFButton.swift */; };
		B46E1F8B2C873F19002358B3 /* FrameworkGridViewModel.swift in Sources */ = {isa = PBXBuildFile; fileRef = B46E1F8A2C873F19002358B3 /* FrameworkGridViewModel.swift */; };
		B4779F712C931BB100CFBD2F /* XDismissButton.swift in Sources */ = {isa = PBXBuildFile; fileRef = B4779F702C931BB100CFBD2F /* XDismissButton.swift */; };
		B4C453382C89D97200038C3A /* SafariView.swift in Sources */ = {isa = PBXBuildFile; fileRef = B4C453372C89D97200038C3A /* SafariView.swift */; };
/* End PBXBuildFile section */

/* Begin PBXContainerItemProxy section */
		B403ABAA2C8657C80022D5A5 /* PBXContainerItemProxy */ = {
			isa = PBXContainerItemProxy;
			containerPortal = B403AB912C8657C60022D5A5 /* Project object */;
			proxyType = 1;
			remoteGlobalIDString = B403AB982C8657C60022D5A5;
			remoteInfo = "Apple Frameworks";
		};
		B403ABB42C8657C80022D5A5 /* PBXContainerItemProxy */ = {
			isa = PBXContainerItemProxy;
			containerPortal = B403AB912C8657C60022D5A5 /* Project object */;
			proxyType = 1;
			remoteGlobalIDString = B403AB982C8657C60022D5A5;
			remoteInfo = "Apple Frameworks";
		};
/* End PBXContainerItemProxy section */

/* Begin PBXFileReference section */
		B403AB992C8657C60022D5A5 /* Apple Frameworks.app */ = {isa = PBXFileReference; explicitFileType = wrapper.application; includeInIndex = 0; path = "Apple Frameworks.app"; sourceTree = BUILT_PRODUCTS_DIR; };
		B403AB9C2C8657C60022D5A5 /* Apple_FrameworksApp.swift */ = {isa = PBXFileReference; lastKnownFileType = sourcecode.swift; path = Apple_FrameworksApp.swift; sourceTree = "<group>"; };
		B403ABA02C8657C80022D5A5 /* Assets.xcassets */ = {isa = PBXFileReference; lastKnownFileType = folder.assetcatalog; path = Assets.xcassets; sourceTree = "<group>"; };
		B403ABA32C8657C80022D5A5 /* Preview Assets.xcassets */ = {isa = PBXFileReference; lastKnownFileType = folder.assetcatalog; path = "Preview Assets.xcassets"; sourceTree = "<group>"; };
		B403ABA92C8657C80022D5A5 /* Apple FrameworksTests.xctest */ = {isa = PBXFileReference; explicitFileType = wrapper.cfbundle; includeInIndex = 0; path = "Apple FrameworksTests.xctest"; sourceTree = BUILT_PRODUCTS_DIR; };
		B403ABAD2C8657C80022D5A5 /* Apple_FrameworksTests.swift */ = {isa = PBXFileReference; lastKnownFileType = sourcecode.swift; path = Apple_FrameworksTests.swift; sourceTree = "<group>"; };
		B403ABB32C8657C80022D5A5 /* Apple FrameworksUITests.xctest */ = {isa = PBXFileReference; explicitFileType = wrapper.cfbundle; includeInIndex = 0; path = "Apple FrameworksUITests.xctest"; sourceTree = BUILT_PRODUCTS_DIR; };
		B403ABB72C8657C80022D5A5 /* Apple_FrameworksUITests.swift */ = {isa = PBXFileReference; lastKnownFileType = sourcecode.swift; path = Apple_FrameworksUITests.swift; sourceTree = "<group>"; };
		B403ABB92C8657C80022D5A5 /* Apple_FrameworksUITestsLaunchTests.swift */ = {isa = PBXFileReference; lastKnownFileType = sourcecode.swift; path = Apple_FrameworksUITestsLaunchTests.swift; sourceTree = "<group>"; };
		B46E1F7C2C871FA1002358B3 /* Framework.swift */ = {isa = PBXFileReference; lastKnownFileType = sourcecode.swift; path = Framework.swift; sourceTree = "<group>"; };
		B46E1F7E2C872125002358B3 /* FrameworkGridView.swift */ = {isa = PBXFileReference; lastKnownFileType = sourcecode.swift; path = FrameworkGridView.swift; sourceTree = "<group>"; };
		B46E1F802C872450002358B3 /* BackgroundView.swift */ = {isa = PBXFileReference; lastKnownFileType = sourcecode.swift; path = BackgroundView.swift; sourceTree = "<group>"; };
		B46E1F822C8724AB002358B3 /* FrameworkIconTextView.swift */ = {isa = PBXFileReference; lastKnownFileType = sourcecode.swift; path = FrameworkIconTextView.swift; sourceTree = "<group>"; };
		B46E1F842C87316D002358B3 /* DetailView.swift */ = {isa = PBXFileReference; lastKnownFileType = sourcecode.swift; path = DetailView.swift; sourceTree = "<group>"; };
		B46E1F862C87323C002358B3 /* BackgroundGradientView.swift */ = {isa = PBXFileReference; lastKnownFileType = sourcecode.swift; path = BackgroundGradientView.swift; sourceTree = "<group>"; };
		B46E1F882C873568002358B3 /* AFButton.swift */ = {isa = PBXFileReference; lastKnownFileType = sourcecode.swift; path = AFButton.swift; sourceTree = "<group>"; };
		B46E1F8A2C873F19002358B3 /* FrameworkGridViewModel.swift */ = {isa = PBXFileReference; lastKnownFileType = sourcecode.swift; path = FrameworkGridViewModel.swift; sourceTree = "<group>"; };
		B4779F702C931BB100CFBD2F /* XDismissButton.swift */ = {isa = PBXFileReference; lastKnownFileType = sourcecode.swift; path = XDismissButton.swift; sourceTree = "<group>"; };
		B4C453372C89D97200038C3A /* SafariView.swift */ = {isa = PBXFileReference; lastKnownFileType = sourcecode.swift; path = SafariView.swift; sourceTree = "<group>"; };
/* End PBXFileReference section */

/* Begin PBXFrameworksBuildPhase section */
		B403AB962C8657C60022D5A5 /* Frameworks */ = {
			isa = PBXFrameworksBuildPhase;
			buildActionMask = 2147483647;
			files = (
			);
			runOnlyForDeploymentPostprocessing = 0;
		};
		B403ABA62C8657C80022D5A5 /* Frameworks */ = {
			isa = PBXFrameworksBuildPhase;
			buildActionMask = 2147483647;
			files = (
			);
			runOnlyForDeploymentPostprocessing = 0;
		};
		B403ABB02C8657C80022D5A5 /* Frameworks */ = {
			isa = PBXFrameworksBuildPhase;
			buildActionMask = 2147483647;
			files = (
			);
			runOnlyForDeploymentPostprocessing = 0;
		};
/* End PBXFrameworksBuildPhase section */

/* Begin PBXGroup section */
		B403AB902C8657C60022D5A5 = {
			isa = PBXGroup;
			children = (
				B403AB9B2C8657C60022D5A5 /* Apple Frameworks */,
				B403ABAC2C8657C80022D5A5 /* Apple FrameworksTests */,
				B403ABB62C8657C80022D5A5 /* Apple FrameworksUITests */,
				B403AB9A2C8657C60022D5A5 /* Products */,
			);
			sourceTree = "<group>";
		};
		B403AB9A2C8657C60022D5A5 /* Products */ = {
			isa = PBXGroup;
			children = (
				B403AB992C8657C60022D5A5 /* Apple Frameworks.app */,
				B403ABA92C8657C80022D5A5 /* Apple FrameworksTests.xctest */,
				B403ABB32C8657C80022D5A5 /* Apple FrameworksUITests.xctest */,
			);
			name = Products;
			sourceTree = "<group>";
		};
		B403AB9B2C8657C60022D5A5 /* Apple Frameworks */ = {
			isa = PBXGroup;
			children = (
				B49C77042C998F09000A1095 /* UIKit Components */,
				B49C77012C998EA3000A1095 /* Views */,
				B49C77002C998E96000A1095 /* Model */,
				B49C76FD2C998E50000A1095 /* Screens */,
				B403AB9C2C8657C60022D5A5 /* Apple_FrameworksApp.swift */,
				B403ABA02C8657C80022D5A5 /* Assets.xcassets */,
				B403ABA22C8657C80022D5A5 /* Preview Content */,
			);
			path = "Apple Frameworks";
			sourceTree = "<group>";
		};
		B403ABA22C8657C80022D5A5 /* Preview Content */ = {
			isa = PBXGroup;
			children = (
				B403ABA32C8657C80022D5A5 /* Preview Assets.xcassets */,
			);
			path = "Preview Content";
			sourceTree = "<group>";
		};
		B403ABAC2C8657C80022D5A5 /* Apple FrameworksTests */ = {
			isa = PBXGroup;
			children = (
				B403ABAD2C8657C80022D5A5 /* Apple_FrameworksTests.swift */,
			);
			path = "Apple FrameworksTests";
			sourceTree = "<group>";
		};
		B403ABB62C8657C80022D5A5 /* Apple FrameworksUITests */ = {
			isa = PBXGroup;
			children = (
				B403ABB72C8657C80022D5A5 /* Apple_FrameworksUITests.swift */,
				B403ABB92C8657C80022D5A5 /* Apple_FrameworksUITestsLaunchTests.swift */,
			);
			path = "Apple FrameworksUITests";
			sourceTree = "<group>";
		};
		B49C76FD2C998E50000A1095 /* Screens */ = {
			isa = PBXGroup;
			children = (
				B49C76FE2C998E59000A1095 /* FrameworkGridView */,
				B49C76FF2C998E7F000A1095 /* FrameworkDetailView */,
			);
			path = Screens;
			sourceTree = "<group>";
		};
		B49C76FE2C998E59000A1095 /* FrameworkGridView */ = {
			isa = PBXGroup;
			children = (
				B46E1F8A2C873F19002358B3 /* FrameworkGridViewModel.swift */,
				B46E1F7E2C872125002358B3 /* FrameworkGridView.swift */,
			);
			path = FrameworkGridView;
			sourceTree = "<group>";
		};
		B49C76FF2C998E7F000A1095 /* FrameworkDetailView */ = {
			isa = PBXGroup;
			children = (
				B46E1F842C87316D002358B3 /* DetailView.swift */,
			);
			path = FrameworkDetailView;
			sourceTree = "<group>";
		};
		B49C77002C998E96000A1095 /* Model */ = {
			isa = PBXGroup;
			children = (
				B46E1F7C2C871FA1002358B3 /* Framework.swift */,
			);
			path = Model;
			sourceTree = "<group>";
		};
		B49C77012C998EA3000A1095 /* Views */ = {
			isa = PBXGroup;
			children = (
				B49C77032C998EFF000A1095 /* View */,
				B49C77022C998EB3000A1095 /* Buttons */,
			);
			path = Views;
			sourceTree = "<group>";
		};
		B49C77022C998EB3000A1095 /* Buttons */ = {
			isa = PBXGroup;
			children = (
				B4779F702C931BB100CFBD2F /* XDismissButton.swift */,
				B46E1F882C873568002358B3 /* AFButton.swift */,
			);
			path = Buttons;
			sourceTree = "<group>";
		};
		B49C77032C998EFF000A1095 /* View */ = {
			isa = PBXGroup;
			children = (
				B46E1F802C872450002358B3 /* BackgroundView.swift */,
				B46E1F862C87323C002358B3 /* BackgroundGradientView.swift */,
				B46E1F822C8724AB002358B3 /* FrameworkIconTextView.swift */,
			);
			path = View;
			sourceTree = "<group>";
		};
		B49C77042C998F09000A1095 /* UIKit Components */ = {
			isa = PBXGroup;
			children = (
				B4C453372C89D97200038C3A /* SafariView.swift */,
			);
			path = "UIKit Components";
			sourceTree = "<group>";
		};
/* End PBXGroup section */

/* Begin PBXNativeTarget section */
		B403AB982C8657C60022D5A5 /* Apple Frameworks */ = {
			isa = PBXNativeTarget;
			buildConfigurationList = B403ABBD2C8657C80022D5A5 /* Build configuration list for PBXNativeTarget "Apple Frameworks" */;
			buildPhases = (
				B403AB952C8657C60022D5A5 /* Sources */,
				B403AB962C8657C60022D5A5 /* Frameworks */,
				B403AB972C8657C60022D5A5 /* Resources */,
			);
			buildRules = (
			);
			dependencies = (
			);
			name = "Apple Frameworks";
			productName = "Apple Frameworks";
			productReference = B403AB992C8657C60022D5A5 /* Apple Frameworks.app */;
			productType = "com.apple.product-type.application";
		};
		B403ABA82C8657C80022D5A5 /* Apple FrameworksTests */ = {
			isa = PBXNativeTarget;
			buildConfigurationList = B403ABC02C8657C80022D5A5 /* Build configuration list for PBXNativeTarget "Apple FrameworksTests" */;
			buildPhases = (
				B403ABA52C8657C80022D5A5 /* Sources */,
				B403ABA62C8657C80022D5A5 /* Frameworks */,
				B403ABA72C8657C80022D5A5 /* Resources */,
			);
			buildRules = (
			);
			dependencies = (
				B403ABAB2C8657C80022D5A5 /* PBXTargetDependency */,
			);
			name = "Apple FrameworksTests";
			productName = "Apple FrameworksTests";
			productReference = B403ABA92C8657C80022D5A5 /* Apple FrameworksTests.xctest */;
			productType = "com.apple.product-type.bundle.unit-test";
		};
		B403ABB22C8657C80022D5A5 /* Apple FrameworksUITests */ = {
			isa = PBXNativeTarget;
			buildConfigurationList = B403ABC32C8657C80022D5A5 /* Build configuration list for PBXNativeTarget "Apple FrameworksUITests" */;
			buildPhases = (
				B403ABAF2C8657C80022D5A5 /* Sources */,
				B403ABB02C8657C80022D5A5 /* Frameworks */,
				B403ABB12C8657C80022D5A5 /* Resources */,
			);
			buildRules = (
			);
			dependencies = (
				B403ABB52C8657C80022D5A5 /* PBXTargetDependency */,
			);
			name = "Apple FrameworksUITests";
			productName = "Apple FrameworksUITests";
			productReference = B403ABB32C8657C80022D5A5 /* Apple FrameworksUITests.xctest */;
			productType = "com.apple.product-type.bundle.ui-testing";
		};
/* End PBXNativeTarget section */

/* Begin PBXProject section */
		B403AB912C8657C60022D5A5 /* Project object */ = {
			isa = PBXProject;
			attributes = {
				BuildIndependentTargetsInParallel = 1;
				LastSwiftUpdateCheck = 1520;
				LastUpgradeCheck = 1520;
				TargetAttributes = {
					B403AB982C8657C60022D5A5 = {
						CreatedOnToolsVersion = 15.2;
					};
					B403ABA82C8657C80022D5A5 = {
						CreatedOnToolsVersion = 15.2;
						TestTargetID = B403AB982C8657C60022D5A5;
					};
					B403ABB22C8657C80022D5A5 = {
						CreatedOnToolsVersion = 15.2;
						TestTargetID = B403AB982C8657C60022D5A5;
					};
				};
			};
			buildConfigurationList = B403AB942C8657C60022D5A5 /* Build configuration list for PBXProject "Apple Frameworks" */;
			compatibilityVersion = "Xcode 14.0";
			developmentRegion = en;
			hasScannedForEncodings = 0;
			knownRegions = (
				en,
				Base,
			);
			mainGroup = B403AB902C8657C60022D5A5;
			productRefGroup = B403AB9A2C8657C60022D5A5 /* Products */;
			projectDirPath = "";
			projectRoot = "";
			targets = (
				B403AB982C8657C60022D5A5 /* Apple Frameworks */,
				B403ABA82C8657C80022D5A5 /* Apple FrameworksTests */,
				B403ABB22C8657C80022D5A5 /* Apple FrameworksUITests */,
			);
		};
/* End PBXProject section */

/* Begin PBXResourcesBuildPhase section */
		B403AB972C8657C60022D5A5 /* Resources */ = {
			isa = PBXResourcesBuildPhase;
			buildActionMask = 2147483647;
			files = (
				B403ABA42C8657C80022D5A5 /* Preview Assets.xcassets in Resources */,
				B403ABA12C8657C80022D5A5 /* Assets.xcassets in Resources */,
			);
			runOnlyForDeploymentPostprocessing = 0;
		};
		B403ABA72C8657C80022D5A5 /* Resources */ = {
			isa = PBXResourcesBuildPhase;
			buildActionMask = 2147483647;
			files = (
			);
			runOnlyForDeploymentPostprocessing = 0;
		};
		B403ABB12C8657C80022D5A5 /* Resources */ = {
			isa = PBXResourcesBuildPhase;
			buildActionMask = 2147483647;
			files = (
			);
			runOnlyForDeploymentPostprocessing = 0;
		};
/* End PBXResourcesBuildPhase section */

/* Begin PBXSourcesBuildPhase section */
		B403AB952C8657C60022D5A5 /* Sources */ = {
			isa = PBXSourcesBuildPhase;
			buildActionMask = 2147483647;
			files = (
				B46E1F7F2C872125002358B3 /* FrameworkGridView.swift in Sources */,
				B46E1F852C87316D002358B3 /* DetailView.swift in Sources */,
				B46E1F7D2C871FA1002358B3 /* Framework.swift in Sources */,
				B46E1F872C87323C002358B3 /* BackgroundGradientView.swift in Sources */,
				B4C453382C89D97200038C3A /* SafariView.swift in Sources */,
				B46E1F892C873568002358B3 /* AFButton.swift in Sources */,
				B46E1F8B2C873F19002358B3 /* FrameworkGridViewModel.swift in Sources */,
				B46E1F812C872450002358B3 /* BackgroundView.swift in Sources */,
				B403AB9D2C8657C60022D5A5 /* Apple_FrameworksApp.swift in Sources */,
				B4779F712C931BB100CFBD2F /* XDismissButton.swift in Sources */,
				B46E1F832C8724AB002358B3 /* FrameworkIconTextView.swift in Sources */,
			);
			runOnlyForDeploymentPostprocessing = 0;
		};
		B403ABA52C8657C80022D5A5 /* Sources */ = {
			isa = PBXSourcesBuildPhase;
			buildActionMask = 2147483647;
			files = (
				B403ABAE2C8657C80022D5A5 /* Apple_FrameworksTests.swift in Sources */,
			);
			runOnlyForDeploymentPostprocessing = 0;
		};
		B403ABAF2C8657C80022D5A5 /* Sources */ = {
			isa = PBXSourcesBuildPhase;
			buildActionMask = 2147483647;
			files = (
				B403ABBA2C8657C80022D5A5 /* Apple_FrameworksUITestsLaunchTests.swift in Sources */,
				B403ABB82C8657C80022D5A5 /* Apple_FrameworksUITests.swift in Sources */,
			);
			runOnlyForDeploymentPostprocessing = 0;
		};
/* End PBXSourcesBuildPhase section */

/* Begin PBXTargetDependency section */
		B403ABAB2C8657C80022D5A5 /* PBXTargetDependency */ = {
			isa = PBXTargetDependency;
			target = B403AB982C8657C60022D5A5 /* Apple Frameworks */;
			targetProxy = B403ABAA2C8657C80022D5A5 /* PBXContainerItemProxy */;
		};
		B403ABB52C8657C80022D5A5 /* PBXTargetDependency */ = {
			isa = PBXTargetDependency;
			target = B403AB982C8657C60022D5A5 /* Apple Frameworks */;
			targetProxy = B403ABB42C8657C80022D5A5 /* PBXContainerItemProxy */;
		};
/* End PBXTargetDependency section */

/* Begin XCBuildConfiguration section */
		B403ABBB2C8657C80022D5A5 /* Debug */ = {
			isa = XCBuildConfiguration;
			buildSettings = {
				ALWAYS_SEARCH_USER_PATHS = NO;
				ASSETCATALOG_COMPILER_GENERATE_SWIFT_ASSET_SYMBOL_EXTENSIONS = YES;
				CLANG_ANALYZER_NONNULL = YES;
				CLANG_ANALYZER_NUMBER_OBJECT_CONVERSION = YES_AGGRESSIVE;
				CLANG_CXX_LANGUAGE_STANDARD = "gnu++20";
				CLANG_ENABLE_MODULES = YES;
				CLANG_ENABLE_OBJC_ARC = YES;
				CLANG_ENABLE_OBJC_WEAK = YES;
				CLANG_WARN_BLOCK_CAPTURE_AUTORELEASING = YES;
				CLANG_WARN_BOOL_CONVERSION = YES;
				CLANG_WARN_COMMA = YES;
				CLANG_WARN_CONSTANT_CONVERSION = YES;
				CLANG_WARN_DEPRECATED_OBJC_IMPLEMENTATIONS = YES;
				CLANG_WARN_DIRECT_OBJC_ISA_USAGE = YES_ERROR;
				CLANG_WARN_DOCUMENTATION_COMMENTS = YES;
				CLANG_WARN_EMPTY_BODY = YES;
				CLANG_WARN_ENUM_CONVERSION = YES;
				CLANG_WARN_INFINITE_RECURSION = YES;
				CLANG_WARN_INT_CONVERSION = YES;
				CLANG_WARN_NON_LITERAL_NULL_CONVERSION = YES;
				CLANG_WARN_OBJC_IMPLICIT_RETAIN_SELF = YES;
				CLANG_WARN_OBJC_LITERAL_CONVERSION = YES;
				CLANG_WARN_OBJC_ROOT_CLASS = YES_ERROR;
				CLANG_WARN_QUOTED_INCLUDE_IN_FRAMEWORK_HEADER = YES;
				CLANG_WARN_RANGE_LOOP_ANALYSIS = YES;
				CLANG_WARN_STRICT_PROTOTYPES = YES;
				CLANG_WARN_SUSPICIOUS_MOVE = YES;
				CLANG_WARN_UNGUARDED_AVAILABILITY = YES_AGGRESSIVE;
				CLANG_WARN_UNREACHABLE_CODE = YES;
				CLANG_WARN__DUPLICATE_METHOD_MATCH = YES;
				COPY_PHASE_STRIP = NO;
				DEBUG_INFORMATION_FORMAT = dwarf;
				ENABLE_STRICT_OBJC_MSGSEND = YES;
				ENABLE_TESTABILITY = YES;
				ENABLE_USER_SCRIPT_SANDBOXING = YES;
				GCC_C_LANGUAGE_STANDARD = gnu17;
				GCC_DYNAMIC_NO_PIC = NO;
				GCC_NO_COMMON_BLOCKS = YES;
				GCC_OPTIMIZATION_LEVEL = 0;
				GCC_PREPROCESSOR_DEFINITIONS = (
					"DEBUG=1",
					"$(inherited)",
				);
				GCC_WARN_64_TO_32_BIT_CONVERSION = YES;
				GCC_WARN_ABOUT_RETURN_TYPE = YES_ERROR;
				GCC_WARN_UNDECLARED_SELECTOR = YES;
				GCC_WARN_UNINITIALIZED_AUTOS = YES_AGGRESSIVE;
				GCC_WARN_UNUSED_FUNCTION = YES;
				GCC_WARN_UNUSED_VARIABLE = YES;
				IPHONEOS_DEPLOYMENT_TARGET = 17.2;
				LOCALIZATION_PREFERS_STRING_CATALOGS = YES;
				MTL_ENABLE_DEBUG_INFO = INCLUDE_SOURCE;
				MTL_FAST_MATH = YES;
				ONLY_ACTIVE_ARCH = YES;
				SDKROOT = iphoneos;
				SWIFT_ACTIVE_COMPILATION_CONDITIONS = "DEBUG $(inherited)";
				SWIFT_OPTIMIZATION_LEVEL = "-Onone";
			};
			name = Debug;
		};
		B403ABBC2C8657C80022D5A5 /* Release */ = {
			isa = XCBuildConfiguration;
			buildSettings = {
				ALWAYS_SEARCH_USER_PATHS = NO;
				ASSETCATALOG_COMPILER_GENERATE_SWIFT_ASSET_SYMBOL_EXTENSIONS = YES;
				CLANG_ANALYZER_NONNULL = YES;
				CLANG_ANALYZER_NUMBER_OBJECT_CONVERSION = YES_AGGRESSIVE;
				CLANG_CXX_LANGUAGE_STANDARD = "gnu++20";
				CLANG_ENABLE_MODULES = YES;
				CLANG_ENABLE_OBJC_ARC = YES;
				CLANG_ENABLE_OBJC_WEAK = YES;
				CLANG_WARN_BLOCK_CAPTURE_AUTORELEASING = YES;
				CLANG_WARN_BOOL_CONVERSION = YES;
				CLANG_WARN_COMMA = YES;
				CLANG_WARN_CONSTANT_CONVERSION = YES;
				CLANG_WARN_DEPRECATED_OBJC_IMPLEMENTATIONS = YES;
				CLANG_WARN_DIRECT_OBJC_ISA_USAGE = YES_ERROR;
				CLANG_WARN_DOCUMENTATION_COMMENTS = YES;
				CLANG_WARN_EMPTY_BODY = YES;
				CLANG_WARN_ENUM_CONVERSION = YES;
				CLANG_WARN_INFINITE_RECURSION = YES;
				CLANG_WARN_INT_CONVERSION = YES;
				CLANG_WARN_NON_LITERAL_NULL_CONVERSION = YES;
				CLANG_WARN_OBJC_IMPLICIT_RETAIN_SELF = YES;
				CLANG_WARN_OBJC_LITERAL_CONVERSION = YES;
				CLANG_WARN_OBJC_ROOT_CLASS = YES_ERROR;
				CLANG_WARN_QUOTED_INCLUDE_IN_FRAMEWORK_HEADER = YES;
				CLANG_WARN_RANGE_LOOP_ANALYSIS = YES;
				CLANG_WARN_STRICT_PROTOTYPES = YES;
				CLANG_WARN_SUSPICIOUS_MOVE = YES;
				CLANG_WARN_UNGUARDED_AVAILABILITY = YES_AGGRESSIVE;
				CLANG_WARN_UNREACHABLE_CODE = YES;
				CLANG_WARN__DUPLICATE_METHOD_MATCH = YES;
				COPY_PHASE_STRIP = NO;
				DEBUG_INFORMATION_FORMAT = "dwarf-with-dsym";
				ENABLE_NS_ASSERTIONS = NO;
				ENABLE_STRICT_OBJC_MSGSEND = YES;
				ENABLE_USER_SCRIPT_SANDBOXING = YES;
				GCC_C_LANGUAGE_STANDARD = gnu17;
				GCC_NO_COMMON_BLOCKS = YES;
				GCC_WARN_64_TO_32_BIT_CONVERSION = YES;
				GCC_WARN_ABOUT_RETURN_TYPE = YES_ERROR;
				GCC_WARN_UNDECLARED_SELECTOR = YES;
				GCC_WARN_UNINITIALIZED_AUTOS = YES_AGGRESSIVE;
				GCC_WARN_UNUSED_FUNCTION = YES;
				GCC_WARN_UNUSED_VARIABLE = YES;
				IPHONEOS_DEPLOYMENT_TARGET = 17.2;
				LOCALIZATION_PREFERS_STRING_CATALOGS = YES;
				MTL_ENABLE_DEBUG_INFO = NO;
				MTL_FAST_MATH = YES;
				SDKROOT = iphoneos;
				SWIFT_COMPILATION_MODE = wholemodule;
				VALIDATE_PRODUCT = YES;
			};
			name = Release;
		};
		B403ABBE2C8657C80022D5A5 /* Debug */ = {
			isa = XCBuildConfiguration;
			buildSettings = {
				ASSETCATALOG_COMPILER_APPICON_NAME = AppIcon;
				ASSETCATALOG_COMPILER_GLOBAL_ACCENT_COLOR_NAME = AccentColor;
				CODE_SIGN_STYLE = Automatic;
				CURRENT_PROJECT_VERSION = 1;
				DEVELOPMENT_ASSET_PATHS = "\"Apple Frameworks/Preview Content\"";
				DEVELOPMENT_TEAM = 7JXND92GUH;
				ENABLE_PREVIEWS = YES;
				GENERATE_INFOPLIST_FILE = YES;
				INFOPLIST_KEY_UIApplicationSceneManifest_Generation = YES;
				INFOPLIST_KEY_UIApplicationSupportsIndirectInputEvents = YES;
				INFOPLIST_KEY_UILaunchScreen_Generation = YES;
				INFOPLIST_KEY_UISupportedInterfaceOrientations_iPad = "UIInterfaceOrientationPortrait UIInterfaceOrientationPortraitUpsideDown UIInterfaceOrientationLandscapeLeft UIInterfaceOrientationLandscapeRight";
				INFOPLIST_KEY_UISupportedInterfaceOrientations_iPhone = "UIInterfaceOrientationPortrait UIInterfaceOrientationLandscapeLeft UIInterfaceOrientationLandscapeRight";
				LD_RUNPATH_SEARCH_PATHS = (
					"$(inherited)",
					"@executable_path/Frameworks",
				);
				MARKETING_VERSION = 1.0;
				PRODUCT_BUNDLE_IDENTIFIER = "com.stein.Apple-Frameworks";
				PRODUCT_NAME = "$(TARGET_NAME)";
				SWIFT_EMIT_LOC_STRINGS = YES;
				SWIFT_VERSION = 5.0;
				TARGETED_DEVICE_FAMILY = "1,2";
			};
			name = Debug;
		};
		B403ABBF2C8657C80022D5A5 /* Release */ = {
			isa = XCBuildConfiguration;
			buildSettings = {
				ASSETCATALOG_COMPILER_APPICON_NAME = AppIcon;
				ASSETCATALOG_COMPILER_GLOBAL_ACCENT_COLOR_NAME = AccentColor;
				CODE_SIGN_STYLE = Automatic;
				CURRENT_PROJECT_VERSION = 1;
				DEVELOPMENT_ASSET_PATHS = "\"Apple Frameworks/Preview Content\"";
				DEVELOPMENT_TEAM = 7JXND92GUH;
				ENABLE_PREVIEWS = YES;
				GENERATE_INFOPLIST_FILE = YES;
				INFOPLIST_KEY_UIApplicationSceneManifest_Generation = YES;
				INFOPLIST_KEY_UIApplicationSupportsIndirectInputEvents = YES;
				INFOPLIST_KEY_UILaunchScreen_Generation = YES;
				INFOPLIST_KEY_UISupportedInterfaceOrientations_iPad = "UIInterfaceOrientationPortrait UIInterfaceOrientationPortraitUpsideDown UIInterfaceOrientationLandscapeLeft UIInterfaceOrientationLandscapeRight";
				INFOPLIST_KEY_UISupportedInterfaceOrientations_iPhone = "UIInterfaceOrientationPortrait UIInterfaceOrientationLandscapeLeft UIInterfaceOrientationLandscapeRight";
				LD_RUNPATH_SEARCH_PATHS = (
					"$(inherited)",
					"@executable_path/Frameworks",
				);
				MARKETING_VERSION = 1.0;
				PRODUCT_BUNDLE_IDENTIFIER = "com.stein.Apple-Frameworks";
				PRODUCT_NAME = "$(TARGET_NAME)";
				SWIFT_EMIT_LOC_STRINGS = YES;
				SWIFT_VERSION = 5.0;
				TARGETED_DEVICE_FAMILY = "1,2";
			};
			name = Release;
		};
		B403ABC12C8657C80022D5A5 /* Debug */ = {
			isa = XCBuildConfiguration;
			buildSettings = {
				ALWAYS_EMBED_SWIFT_STANDARD_LIBRARIES = YES;
				BUNDLE_LOADER = "$(TEST_HOST)";
				CODE_SIGN_STYLE = Automatic;
				CURRENT_PROJECT_VERSION = 1;
				DEVELOPMENT_TEAM = 7JXND92GUH;
				GENERATE_INFOPLIST_FILE = YES;
				IPHONEOS_DEPLOYMENT_TARGET = 17.2;
				MARKETING_VERSION = 1.0;
				PRODUCT_BUNDLE_IDENTIFIER = "com.stein.Apple-FrameworksTests";
				PRODUCT_NAME = "$(TARGET_NAME)";
				SWIFT_EMIT_LOC_STRINGS = NO;
				SWIFT_VERSION = 5.0;
				TARGETED_DEVICE_FAMILY = "1,2";
				TEST_HOST = "$(BUILT_PRODUCTS_DIR)/Apple Frameworks.app/$(BUNDLE_EXECUTABLE_FOLDER_PATH)/Apple Frameworks";
			};
			name = Debug;
		};
		B403ABC22C8657C80022D5A5 /* Release */ = {
			isa = XCBuildConfiguration;
			buildSettings = {
				ALWAYS_EMBED_SWIFT_STANDARD_LIBRARIES = YES;
				BUNDLE_LOADER = "$(TEST_HOST)";
				CODE_SIGN_STYLE = Automatic;
				CURRENT_PROJECT_VERSION = 1;
				DEVELOPMENT_TEAM = 7JXND92GUH;
				GENERATE_INFOPLIST_FILE = YES;
				IPHONEOS_DEPLOYMENT_TARGET = 17.2;
				MARKETING_VERSION = 1.0;
				PRODUCT_BUNDLE_IDENTIFIER = "com.stein.Apple-FrameworksTests";
				PRODUCT_NAME = "$(TARGET_NAME)";
				SWIFT_EMIT_LOC_STRINGS = NO;
				SWIFT_VERSION = 5.0;
				TARGETED_DEVICE_FAMILY = "1,2";
				TEST_HOST = "$(BUILT_PRODUCTS_DIR)/Apple Frameworks.app/$(BUNDLE_EXECUTABLE_FOLDER_PATH)/Apple Frameworks";
			};
			name = Release;
		};
		B403ABC42C8657C80022D5A5 /* Debug */ = {
			isa = XCBuildConfiguration;
			buildSettings = {
				ALWAYS_EMBED_SWIFT_STANDARD_LIBRARIES = YES;
				CODE_SIGN_STYLE = Automatic;
				CURRENT_PROJECT_VERSION = 1;
				DEVELOPMENT_TEAM = 7JXND92GUH;
				GENERATE_INFOPLIST_FILE = YES;
				MARKETING_VERSION = 1.0;
				PRODUCT_BUNDLE_IDENTIFIER = "com.stein.Apple-FrameworksUITests";
				PRODUCT_NAME = "$(TARGET_NAME)";
				SWIFT_EMIT_LOC_STRINGS = NO;
				SWIFT_VERSION = 5.0;
				TARGETED_DEVICE_FAMILY = "1,2";
				TEST_TARGET_NAME = "Apple Frameworks";
			};
			name = Debug;
		};
		B403ABC52C8657C80022D5A5 /* Release */ = {
			isa = XCBuildConfiguration;
			buildSettings = {
				ALWAYS_EMBED_SWIFT_STANDARD_LIBRARIES = YES;
				CODE_SIGN_STYLE = Automatic;
				CURRENT_PROJECT_VERSION = 1;
				DEVELOPMENT_TEAM = 7JXND92GUH;
				GENERATE_INFOPLIST_FILE = YES;
				MARKETING_VERSION = 1.0;
				PRODUCT_BUNDLE_IDENTIFIER = "com.stein.Apple-FrameworksUITests";
				PRODUCT_NAME = "$(TARGET_NAME)";
				SWIFT_EMIT_LOC_STRINGS = NO;
				SWIFT_VERSION = 5.0;
				TARGETED_DEVICE_FAMILY = "1,2";
				TEST_TARGET_NAME = "Apple Frameworks";
			};
			name = Release;
		};
/* End XCBuildConfiguration section */

/* Begin XCConfigurationList section */
		B403AB942C8657C60022D5A5 /* Build configuration list for PBXProject "Apple Frameworks" */ = {
			isa = XCConfigurationList;
			buildConfigurations = (
				B403ABBB2C8657C80022D5A5 /* Debug */,
				B403ABBC2C8657C80022D5A5 /* Release */,
			);
			defaultConfigurationIsVisible = 0;
			defaultConfigurationName = Release;
		};
		B403ABBD2C8657C80022D5A5 /* Build configuration list for PBXNativeTarget "Apple Frameworks" */ = {
			isa = XCConfigurationList;
			buildConfigurations = (
				B403ABBE2C8657C80022D5A5 /* Debug */,
				B403ABBF2C8657C80022D5A5 /* Release */,
			);
			defaultConfigurationIsVisible = 0;
			defaultConfigurationName = Release;
		};
		B403ABC02C8657C80022D5A5 /* Build configuration list for PBXNativeTarget "Apple FrameworksTests" */ = {
			isa = XCConfigurationList;
			buildConfigurations = (
				B403ABC12C8657C80022D5A5 /* Debug */,
				B403ABC22C8657C80022D5A5 /* Release */,
			);
			defaultConfigurationIsVisible = 0;
			defaultConfigurationName = Release;
		};
		B403ABC32C8657C80022D5A5 /* Build configuration list for PBXNativeTarget "Apple FrameworksUITests" */ = {
			isa = XCConfigurationList;
			buildConfigurations = (
				B403ABC42C8657C80022D5A5 /* Debug */,
				B403ABC52C8657C80022D5A5 /* Release */,
			);
			defaultConfigurationIsVisible = 0;
			defaultConfigurationName = Release;
		};
/* End XCConfigurationList section */
	};
	rootObject = B403AB912C8657C60022D5A5 /* Project object */;
}
